Microsoft Visual Studio Solution File, Format Version 12.00
# Visual Studio Version 17
VisualStudioVersion = 17.5.2.0
MinimumVisualStudioVersion = 10.0.40219.1
Project("{2150E333-8FDC-42A3-9474-1A3956D46DE8}") = "C#", "C#", "{1DBD47E2-544B-F58A-27AE-70AE938492FA}"
EndProject
Project("{FAE04EC0-301F-11D3-BF4B-00C04F79EFBC}") = "C#_Project", "C#\C#_Project_Test\C#_Project.csproj", "{8AB553A2-D15E-7316-835E-5EC7D4A457D6}"
EndProject
Global
	GlobalSection(SolutionConfigurationPlatforms) = preSolution
		Debug|Any CPU = Debug|Any CPU
		Release|Any CPU = Release|Any CPU
	EndGlobalSection
	GlobalSection(ProjectConfigurationPlatforms) = postSolution
		{8AB553A2-D15E-7316-835E-5EC7D4A457D6}.Debug|Any CPU.ActiveCfg = Debug|Any CPU
		{8AB553A2-D15E-7316-835E-5EC7D4A457D6}.Debug|Any CPU.Build.0 = Debug|Any CPU
		{8AB553A2-D15E-7316-835E-5EC7D4A457D6}.Release|Any CPU.ActiveCfg = Release|Any CPU
		{8AB553A2-D15E-7316-835E-5EC7D4A457D6}.Release|Any CPU.Build.0 = Release|Any CPU
	EndGlobalSection
	GlobalSection(SolutionProperties) = preSolution
		HideSolutionNode = FALSE
	EndGlobalSection
	GlobalSection(NestedProjects) = preSolution
		{8AB553A2-D15E-7316-835E-5EC7D4A457D6} = {1DBD47E2-544B-F58A-27AE-70AE938492FA}
	EndGlobalSection
	GlobalSection(ExtensibilityGlobals) = postSolution
		SolutionGuid = {96AEA8A5-2ADC-4315-BCA3-BC21AB1501BA}
	EndGlobalSection
EndGlobal
